
Microsoft Visual Studio Solution File, Format Version 12.00
# Visual Studio 15
VisualStudioVersion = 15.0.28307.168
MinimumVisualStudioVersion = 10.0.40219.1
Project("{2150E333-8FDC-42A3-9474-1A3956D46DE8}") = "Cert", "Cert", "{18EC0C31-75EA-4D78-8DBD-D990A1C52331}"
	ProjectSection(SolutionItems) = preProject
		Cert\MyCert.cer = Cert\MyCert.cer
	EndProjectSection
EndProject
Project("{9A19103F-16F7-4668-BE54-9A1E7A4F7556}") = "Id4Server", "Id4Server\Id4Server.csproj", "{BE296B55-57A3-4F8A-8ED9-2AE640BBF923}"
EndProject
Project("{9A19103F-16F7-4668-BE54-9A1E7A4F7556}") = "Id4Client.ResourceOwner", "Id4ClientCredentials\Id4Client.ResourceOwner.csproj", "{BECA9C28-6707-4E0A-B779-C08FD8FEB56F}"
EndProject
Project("{9A19103F-16F7-4668-BE54-9A1E7A4F7556}") = "Id4Api", "Id4Api\Id4Api.csproj", "{118A99C6-1D7E-470B-9293-386B11CD734E}"
EndProject
Project("{2150E333-8FDC-42A3-9474-1A3956D46DE8}") = "Solution Items", "Solution Items", "{14E0CCD3-6398-4D65-BAAD-7CCF152DB3F9}"
	ProjectSection(SolutionItems) = preProject
		TextFile1.txt = TextFile1.txt
	EndProjectSection
EndProject
Project("{9A19103F-16F7-4668-BE54-9A1E7A4F7556}") = "IdClient.ClientCredentials", "IdClientCredentials.Client\IdClient.ClientCredentials.csproj", "{7EB49C51-6C3F-4C5B-8349-6DED56821141}"
EndProject
Global
	GlobalSection(SolutionConfigurationPlatforms) = preSolution
		Debug|Any CPU = Debug|Any CPU
		Release|Any CPU = Release|Any CPU
	EndGlobalSection
	GlobalSection(ProjectConfigurationPlatforms) = postSolution
		{BE296B55-57A3-4F8A-8ED9-2AE640BBF923}.Debug|Any CPU.ActiveCfg = Debug|Any CPU
		{BE296B55-57A3-4F8A-8ED9-2AE640BBF923}.Debug|Any CPU.Build.0 = Debug|Any CPU
		{BE296B55-57A3-4F8A-8ED9-2AE640BBF923}.Release|Any CPU.ActiveCfg = Release|Any CPU
		{BE296B55-57A3-4F8A-8ED9-2AE640BBF923}.Release|Any CPU.Build.0 = Release|Any CPU
		{BECA9C28-6707-4E0A-B779-C08FD8FEB56F}.Debug|Any CPU.ActiveCfg = Debug|Any CPU
		{BECA9C28-6707-4E0A-B779-C08FD8FEB56F}.Debug|Any CPU.Build.0 = Debug|Any CPU
		{BECA9C28-6707-4E0A-B779-C08FD8FEB56F}.Release|Any CPU.ActiveCfg = Release|Any CPU
		{BECA9C28-6707-4E0A-B779-C08FD8FEB56F}.Release|Any CPU.Build.0 = Release|Any CPU
		{118A99C6-1D7E-470B-9293-386B11CD734E}.Debug|Any CPU.ActiveCfg = Debug|Any CPU
		{118A99C6-1D7E-470B-9293-386B11CD734E}.Debug|Any CPU.Build.0 = Debug|Any CPU
		{118A99C6-1D7E-470B-9293-386B11CD734E}.Release|Any CPU.ActiveCfg = Release|Any CPU
		{118A99C6-1D7E-470B-9293-386B11CD734E}.Release|Any CPU.Build.0 = Release|Any CPU
		{7EB49C51-6C3F-4C5B-8349-6DED56821141}.Debug|Any CPU.ActiveCfg = Debug|Any CPU
		{7EB49C51-6C3F-4C5B-8349-6DED56821141}.Debug|Any CPU.Build.0 = Debug|Any CPU
		{7EB49C51-6C3F-4C5B-8349-6DED56821141}.Release|Any CPU.ActiveCfg = Release|Any CPU
		{7EB49C51-6C3F-4C5B-8349-6DED56821141}.Release|Any CPU.Build.0 = Release|Any CPU
	EndGlobalSection
	GlobalSection(SolutionProperties) = preSolution
		HideSolutionNode = FALSE
	EndGlobalSection
	GlobalSection(ExtensibilityGlobals) = postSolution
		SolutionGuid = {FFD50521-2B0B-4141-ACED-8CE86BEEFA86}
	EndGlobalSection
EndGlobal
